
Microsoft Visual Studio Solution File, Format Version 12.00
# Visual Studio Version 17
VisualStudioVersion = 17.0.31912.275
MinimumVisualStudioVersion = 10.0.40219.1
Project("{9A19103F-16F7-4668-BE54-9A1E7A4F7556}") = "Blog", "Blog.csproj", "{C1AE495E-6237-4A50-9A48-CC2DC9FE8D4C}"
EndProject
Global
	GlobalSection(SolutionConfigurationPlatforms) = preSolution
		Debug|Any CPU = Debug|Any CPU
		Release|Any CPU = Release|Any CPU
	EndGlobalSection
	GlobalSection(ProjectConfigurationPlatforms) = postSolution
		{C1AE495E-6237-4A50-9A48-CC2DC9FE8D4C}.Debug|Any CPU.ActiveCfg = Debug|Any CPU
		{C1AE495E-6237-4A50-9A48-CC2DC9FE8D4C}.Debug|Any CPU.Build.0 = Debug|Any CPU
		{C1AE495E-6237-4A50-9A48-CC2DC9FE8D4C}.Release|Any CPU.ActiveCfg = Release|Any CPU
		{C1AE495E-6237-4A50-9A48-CC2DC9FE8D4C}.Release|Any CPU.Build.0 = Release|Any CPU
	EndGlobalSection
	GlobalSection(SolutionProperties) = preSolution
		HideSolutionNode = FALSE
	EndGlobalSection
	GlobalSection(ExtensibilityGlobals) = postSolution
		SolutionGuid = {288133F1-F608-4695-9DDB-7490AE2C1AB4}
	EndGlobalSection
EndGlobal
